
Microsoft Visual Studio Solution File, Format Version 12.00
# Visual Studio Version 17
VisualStudioVersion = 17.6.33815.320
MinimumVisualStudioVersion = 10.0.40219.1
Project("{FAE04EC0-301F-11D3-BF4B-00C04F79EFBC}") = "Dziedziczenie 1", "Dziedziczenie 1\Dziedziczenie 1.csproj", "{915CFFBF-5E58-49B2-A021-8758AA0AD4BA}"
EndProject
Global
	GlobalSection(SolutionConfigurationPlatforms) = preSolution
		Debug|Any CPU = Debug|Any CPU
		Release|Any CPU = Release|Any CPU
	EndGlobalSection
	GlobalSection(ProjectConfigurationPlatforms) = postSolution
		{915CFFBF-5E58-49B2-A021-8758AA0AD4BA}.Debug|Any CPU.ActiveCfg = Debug|Any CPU
		{915CFFBF-5E58-49B2-A021-8758AA0AD4BA}.Debug|Any CPU.Build.0 = Debug|Any CPU
		{915CFFBF-5E58-49B2-A021-8758AA0AD4BA}.Release|Any CPU.ActiveCfg = Release|Any CPU
		{915CFFBF-5E58-49B2-A021-8758AA0AD4BA}.Release|Any CPU.Build.0 = Release|Any CPU
	EndGlobalSection
	GlobalSection(SolutionProperties) = preSolution
		HideSolutionNode = FALSE
	EndGlobalSection
	GlobalSection(ExtensibilityGlobals) = postSolution
		SolutionGuid = {2B324AC0-2020-42D5-AF73-324CA69AE540}
	EndGlobalSection
EndGlobal
